
Microsoft Visual Studio Solution File, Format Version 12.00
# Visual Studio 2012
Project("{FAE04EC0-301F-11D3-BF4B-00C04F79EFBC}") = "WpfDesk", "WpfDesk\WpfDesk.csproj", "{D0DC6BBD-4A1C-454A-8325-7B7419974182}"
EndProject
Global
	GlobalSection(SolutionConfigurationPlatforms) = preSolution
		Debug|Any CPU = Debug|Any CPU
		Release|Any CPU = Release|Any CPU
	EndGlobalSection
	GlobalSection(ProjectConfigurationPlatforms) = postSolution
		{D0DC6BBD-4A1C-454A-8325-7B7419974182}.Debug|Any CPU.ActiveCfg = Debug|Any CPU
		{D0DC6BBD-4A1C-454A-8325-7B7419974182}.Debug|Any CPU.Build.0 = Debug|Any CPU
		{D0DC6BBD-4A1C-454A-8325-7B7419974182}.Release|Any CPU.ActiveCfg = Release|Any CPU
		{D0DC6BBD-4A1C-454A-8325-7B7419974182}.Release|Any CPU.Build.0 = Release|Any CPU
	EndGlobalSection
	GlobalSection(SolutionProperties) = preSolution
		HideSolutionNode = FALSE
	EndGlobalSection
EndGlobal
